
Microsoft Visual Studio Solution File, Format Version 12.00
# Visual Studio Version 17
VisualStudioVersion = 17.10.35027.167
MinimumVisualStudioVersion = 10.0.40219.1
Project("{FAE04EC0-301F-11D3-BF4B-00C04F79EFBC}") = "WebMVC", "WebMVC.csproj", "{98BE70BB-2513-43D8-9782-EAA51AAC466D}"
EndProject
Global
	GlobalSection(SolutionConfigurationPlatforms) = preSolution
		Debug|Any CPU = Debug|Any CPU
		Release|Any CPU = Release|Any CPU
	EndGlobalSection
	GlobalSection(ProjectConfigurationPlatforms) = postSolution
		{98BE70BB-2513-43D8-9782-EAA51AAC466D}.Debug|Any CPU.ActiveCfg = Debug|Any CPU
		{98BE70BB-2513-43D8-9782-EAA51AAC466D}.Debug|Any CPU.Build.0 = Debug|Any CPU
		{98BE70BB-2513-43D8-9782-EAA51AAC466D}.Release|Any CPU.ActiveCfg = Release|Any CPU
		{98BE70BB-2513-43D8-9782-EAA51AAC466D}.Release|Any CPU.Build.0 = Release|Any CPU
	EndGlobalSection
	GlobalSection(SolutionProperties) = preSolution
		HideSolutionNode = FALSE
	EndGlobalSection
	GlobalSection(ExtensibilityGlobals) = postSolution
		SolutionGuid = {F1D169E5-1694-4EAB-9258-B85DF8E3227F}
	EndGlobalSection
EndGlobal
